schema: '2.0'
stages:
  load_data:
    cmd: python src/load_data.py
    deps:
    - path: src/load_data.py
      md5: c5787b0916e011ea4a83c7d461325188
      size: 240
    outs:
    - path: output/data.pkl
      md5: 35353c71da0985eed8bb507bbc53bd91
      size: 54950285
  train:
    cmd: python src/train.py
    deps:
    - path: output/data.pkl
      md5: 35353c71da0985eed8bb507bbc53bd91
      size: 54950285
    - path: src/train.py
      md5: b2b36c7878bfafa294bb9a963b97d115
      size: 2521
    params:
      params.yaml:
        train.batch_size: 128
        train.dropout: 0.4
        train.hidden_units: 64
        train.lr: 0.01
        train.num_epochs: 1
    outs:
    - path: output/model.h5
      md5: e7c6eb118de544786239a5f091c7b9c4
      size: 3680480
    - path: output/train/train_accuracy.csv
      md5: 9091f0c95dcb7aee2ebe57cf9b75e53b
      size: 36
    - path: output/train/train_loss.csv
      md5: 8022eb1b0bbfe88b691874500bb63d7f
      size: 32
  evaluate:
    cmd: python src/evaluate.py
    deps:
    - path: output/data.pkl
      md5: 35353c71da0985eed8bb507bbc53bd91
      size: 54950285
    - path: output/model.h5
      md5: e7c6eb118de544786239a5f091c7b9c4
      size: 3680480
    - path: src/evaluate.py
      md5: 5b30d68939c6c1219db202eed01522c1
      size: 3207
    outs:
    - path: output/metrics.json
      md5: 5639c7dc02e7c3e10779ad80cf950fc0
      size: 60
    - path: output/test/mislabel_samples/
      md5: 14809feb9a9a40d45b189529f68e6482.dir
      size: 168487
      nfiles: 10
    - path: output/test/predicted_classes.json
      md5: 2ac1ae5ccfaf5ce1a53e5e4eadf92a72
      size: 285
    - path: output/test/predictions.json
      md5: c20cdbd7cd284d0e46d1584387756a45
      size: 310000
